
Microsoft Visual Studio Solution File, Format Version 12.00
# Visual Studio Version 17
VisualStudioVersion = 17.4.33205.214
MinimumVisualStudioVersion = 10.0.40219.1
Project("{FAE04EC0-301F-11D3-BF4B-00C04F79EFBC}") = "Store_MVC", "Store_MVC\Store_MVC.csproj", "{B465AF3E-05BE-4AA5-90AC-B096FD203326}"
EndProject
Global
	GlobalSection(SolutionConfigurationPlatforms) = preSolution
		Debug|Any CPU = Debug|Any CPU
		Release|Any CPU = Release|Any CPU
	EndGlobalSection
	GlobalSection(ProjectConfigurationPlatforms) = postSolution
		{B465AF3E-05BE-4AA5-90AC-B096FD203326}.Debug|Any CPU.ActiveCfg = Debug|Any CPU
		{B465AF3E-05BE-4AA5-90AC-B096FD203326}.Debug|Any CPU.Build.0 = Debug|Any CPU
		{B465AF3E-05BE-4AA5-90AC-B096FD203326}.Release|Any CPU.ActiveCfg = Release|Any CPU
		{B465AF3E-05BE-4AA5-90AC-B096FD203326}.Release|Any CPU.Build.0 = Release|Any CPU
	EndGlobalSection
	GlobalSection(SolutionProperties) = preSolution
		HideSolutionNode = FALSE
	EndGlobalSection
	GlobalSection(ExtensibilityGlobals) = postSolution
		SolutionGuid = {ABCC991A-50E0-4E29-BCDC-E5D21764D2C0}
	EndGlobalSection
EndGlobal
